
Microsoft Visual Studio Solution File, Format Version 12.00
# Visual Studio 2012
Project("{FAE04EC0-301F-11D3-BF4B-00C04F79EFBC}") = "BoxFormLoginDemo", "BoxFormLoginDemo.csproj", "{00E3B8BC-EDDB-49E3-A7A5-26C1F6D83884}"
EndProject
Project("{FAE04EC0-301F-11D3-BF4B-00C04F79EFBC}") = "BoxHelper", "..\BoxHelper\BoxHelper.csproj", "{EF0DE736-0C50-42EF-B4DA-A8C1095E5052}"
EndProject
Global
	GlobalSection(SolutionConfigurationPlatforms) = preSolution
		Debug|Any CPU = Debug|Any CPU
		Release|Any CPU = Release|Any CPU
	EndGlobalSection
	GlobalSection(ProjectConfigurationPlatforms) = postSolution
		{00E3B8BC-EDDB-49E3-A7A5-26C1F6D83884}.Debug|Any CPU.ActiveCfg = Debug|Any CPU
		{00E3B8BC-EDDB-49E3-A7A5-26C1F6D83884}.Debug|Any CPU.Build.0 = Debug|Any CPU
		{00E3B8BC-EDDB-49E3-A7A5-26C1F6D83884}.Release|Any CPU.ActiveCfg = Release|Any CPU
		{00E3B8BC-EDDB-49E3-A7A5-26C1F6D83884}.Release|Any CPU.Build.0 = Release|Any CPU
		{EF0DE736-0C50-42EF-B4DA-A8C1095E5052}.Debug|Any CPU.ActiveCfg = Debug|Any CPU
		{EF0DE736-0C50-42EF-B4DA-A8C1095E5052}.Debug|Any CPU.Build.0 = Debug|Any CPU
		{EF0DE736-0C50-42EF-B4DA-A8C1095E5052}.Release|Any CPU.ActiveCfg = Release|Any CPU
		{EF0DE736-0C50-42EF-B4DA-A8C1095E5052}.Release|Any CPU.Build.0 = Release|Any CPU
	EndGlobalSection
	GlobalSection(SolutionProperties) = preSolution
		HideSolutionNode = FALSE
	EndGlobalSection
EndGlobal
